
Microsoft Visual Studio Solution File, Format Version 12.00
# Visual Studio Version 17
VisualStudioVersion = 17.2.32630.192
MinimumVisualStudioVersion = 10.0.40219.1
Project("{2150E333-8FDC-42A3-9474-1A3956D46DE8}") = "src", "src", "{D2B760D1-29E2-4AF4-B735-BA194C2B2FE2}"
EndProject
Project("{2150E333-8FDC-42A3-9474-1A3956D46DE8}") = "Building Blocks", "Building Blocks", "{1494F261-2D75-46FE-A962-756C75C3E797}"
EndProject
Project("{2150E333-8FDC-42A3-9474-1A3956D46DE8}") = "Services", "Services", "{FABB6F0D-4D53-462F-8C62-8EC7B0C2BC58}"
EndProject
Project("{2150E333-8FDC-42A3-9474-1A3956D46DE8}") = "Web", "Web", "{26410D25-5911-4BFD-87C2-718D0204FD15}"
EndProject
Project("{2150E333-8FDC-42A3-9474-1A3956D46DE8}") = "Identidade", "Identidade", "{100E78B6-4B63-4571-A5F7-048538315255}"
EndProject
Project("{9A19103F-16F7-4668-BE54-9A1E7A4F7556}") = "NSE.Identidade.API", "src\services\NSE.Identidade.API\NSE.Identidade.API.csproj", "{8D8735B7-3D93-4BE6-925F-D0B5C14A3C98}"
EndProject
Project("{2150E333-8FDC-42A3-9474-1A3956D46DE8}") = "MVC", "MVC", "{CDD0DB25-E41C-4C43-90F2-8DE2AB274657}"
EndProject
Project("{9A19103F-16F7-4668-BE54-9A1E7A4F7556}") = "NSE.WebApp.MVC", "src\web\NSE.WebApp.MVC\NSE.WebApp.MVC.csproj", "{F3BEF97F-2FE8-40FF-8938-84B3658C7D53}"
EndProject
Project("{2150E333-8FDC-42A3-9474-1A3956D46DE8}") = "Core", "Core", "{1838E0BA-3418-449C-96BE-316856F0C1B4}"
EndProject
Project("{9A19103F-16F7-4668-BE54-9A1E7A4F7556}") = "NSE.Core", "src\building blocks\NSE.Core\NSE.Core.csproj", "{0230BD64-30E5-4B6C-A63C-9ED4F1AEE29B}"
EndProject
Project("{2150E333-8FDC-42A3-9474-1A3956D46DE8}") = "Carrinho", "Carrinho", "{97459E29-8707-4314-9DA9-A4EE20656EC8}"
EndProject
Project("{9A19103F-16F7-4668-BE54-9A1E7A4F7556}") = "NSE.Carrinho.API", "src\services\NSE.Carrinho.API\NSE.Carrinho.API.csproj", "{0A8AC29F-3496-43C1-9AE7-1D24EA8D1CE7}"
EndProject
Project("{2150E333-8FDC-42A3-9474-1A3956D46DE8}") = "Catalogo", "Catalogo", "{004B158B-8C4D-4D83-8F50-C2B6CDD9E1E6}"
EndProject
Project("{9A19103F-16F7-4668-BE54-9A1E7A4F7556}") = "NSE.Catalogo.API", "src\services\NSE.Catalogo.API\NSE.Catalogo.API.csproj", "{199606B6-1023-4310-A484-F6DBF3A944F3}"
EndProject
Project("{2150E333-8FDC-42A3-9474-1A3956D46DE8}") = "Cliente", "Cliente", "{D18A5B1B-7EDF-45D7-BC81-670B3730B853}"
EndProject
Project("{9A19103F-16F7-4668-BE54-9A1E7A4F7556}") = "NSE.Clientes.API", "src\services\NSE.Cliente.API\NSE.Clientes.API.csproj", "{3F86F4BC-52C3-48A4-98A9-6AD7C05BDE71}"
EndProject
Project("{2150E333-8FDC-42A3-9474-1A3956D46DE8}") = "Pagamento", "Pagamento", "{BBAFE143-5743-4B79-82BC-84748D9B0E92}"
EndProject
Project("{9A19103F-16F7-4668-BE54-9A1E7A4F7556}") = "NSE.Pagamento.API", "src\services\NSE.Pagamento.API\NSE.Pagamento.API.csproj", "{A90844F6-98A8-4554-AEEF-852F664D6FDE}"
EndProject
Project("{2150E333-8FDC-42A3-9474-1A3956D46DE8}") = "Pedido", "Pedido", "{8C44015F-80DB-4534-A13F-A79AE747D7A5}"
EndProject
Project("{9A19103F-16F7-4668-BE54-9A1E7A4F7556}") = "NSE.Pedido.API", "src\services\NSE.Pedido.API\NSE.Pedido.API.csproj", "{D91CDAB1-054C-429C-B2AE-5AA4CF9950DA}"
EndProject
Project("{2150E333-8FDC-42A3-9474-1A3956D46DE8}") = "Services", "Services", "{92FA5860-7C43-4B45-955C-376052CF190C}"
EndProject
Project("{9A19103F-16F7-4668-BE54-9A1E7A4F7556}") = "NSE.WebAPI.Core", "src\building blocks\NSE.WebAPI.Core\NSE.WebAPI.Core.csproj", "{91FD3474-89F7-4D35-B885-B1CC71842D14}"
EndProject
Global
	GlobalSection(SolutionConfigurationPlatforms) = preSolution
		Debug|Any CPU = Debug|Any CPU
		Release|Any CPU = Release|Any CPU
	EndGlobalSection
	GlobalSection(ProjectConfigurationPlatforms) = postSolution
		{8D8735B7-3D93-4BE6-925F-D0B5C14A3C98}.Debug|Any CPU.ActiveCfg = Debug|Any CPU
		{8D8735B7-3D93-4BE6-925F-D0B5C14A3C98}.Debug|Any CPU.Build.0 = Debug|Any CPU
		{8D8735B7-3D93-4BE6-925F-D0B5C14A3C98}.Release|Any CPU.ActiveCfg = Release|Any CPU
		{8D8735B7-3D93-4BE6-925F-D0B5C14A3C98}.Release|Any CPU.Build.0 = Release|Any CPU
		{F3BEF97F-2FE8-40FF-8938-84B3658C7D53}.Debug|Any CPU.ActiveCfg = Debug|Any CPU
		{F3BEF97F-2FE8-40FF-8938-84B3658C7D53}.Debug|Any CPU.Build.0 = Debug|Any CPU
		{F3BEF97F-2FE8-40FF-8938-84B3658C7D53}.Release|Any CPU.ActiveCfg = Release|Any CPU
		{F3BEF97F-2FE8-40FF-8938-84B3658C7D53}.Release|Any CPU.Build.0 = Release|Any CPU
		{0230BD64-30E5-4B6C-A63C-9ED4F1AEE29B}.Debug|Any CPU.ActiveCfg = Debug|Any CPU
		{0230BD64-30E5-4B6C-A63C-9ED4F1AEE29B}.Debug|Any CPU.Build.0 = Debug|Any CPU
		{0230BD64-30E5-4B6C-A63C-9ED4F1AEE29B}.Release|Any CPU.ActiveCfg = Release|Any CPU
		{0230BD64-30E5-4B6C-A63C-9ED4F1AEE29B}.Release|Any CPU.Build.0 = Release|Any CPU
		{0A8AC29F-3496-43C1-9AE7-1D24EA8D1CE7}.Debug|Any CPU.ActiveCfg = Debug|Any CPU
		{0A8AC29F-3496-43C1-9AE7-1D24EA8D1CE7}.Debug|Any CPU.Build.0 = Debug|Any CPU
		{0A8AC29F-3496-43C1-9AE7-1D24EA8D1CE7}.Release|Any CPU.ActiveCfg = Release|Any CPU
		{0A8AC29F-3496-43C1-9AE7-1D24EA8D1CE7}.Release|Any CPU.Build.0 = Release|Any CPU
		{199606B6-1023-4310-A484-F6DBF3A944F3}.Debug|Any CPU.ActiveCfg = Debug|Any CPU
		{199606B6-1023-4310-A484-F6DBF3A944F3}.Debug|Any CPU.Build.0 = Debug|Any CPU
		{199606B6-1023-4310-A484-F6DBF3A944F3}.Release|Any CPU.ActiveCfg = Release|Any CPU
		{199606B6-1023-4310-A484-F6DBF3A944F3}.Release|Any CPU.Build.0 = Release|Any CPU
		{3F86F4BC-52C3-48A4-98A9-6AD7C05BDE71}.Debug|Any CPU.ActiveCfg = Debug|Any CPU
		{3F86F4BC-52C3-48A4-98A9-6AD7C05BDE71}.Debug|Any CPU.Build.0 = Debug|Any CPU
		{3F86F4BC-52C3-48A4-98A9-6AD7C05BDE71}.Release|Any CPU.ActiveCfg = Release|Any CPU
		{3F86F4BC-52C3-48A4-98A9-6AD7C05BDE71}.Release|Any CPU.Build.0 = Release|Any CPU
		{A90844F6-98A8-4554-AEEF-852F664D6FDE}.Debug|Any CPU.ActiveCfg = Debug|Any CPU
		{A90844F6-98A8-4554-AEEF-852F664D6FDE}.Debug|Any CPU.Build.0 = Debug|Any CPU
		{A90844F6-98A8-4554-AEEF-852F664D6FDE}.Release|Any CPU.ActiveCfg = Release|Any CPU
		{A90844F6-98A8-4554-AEEF-852F664D6FDE}.Release|Any CPU.Build.0 = Release|Any CPU
		{D91CDAB1-054C-429C-B2AE-5AA4CF9950DA}.Debug|Any CPU.ActiveCfg = Debug|Any CPU
		{D91CDAB1-054C-429C-B2AE-5AA4CF9950DA}.Debug|Any CPU.Build.0 = Debug|Any CPU
		{D91CDAB1-054C-429C-B2AE-5AA4CF9950DA}.Release|Any CPU.ActiveCfg = Release|Any CPU
		{D91CDAB1-054C-429C-B2AE-5AA4CF9950DA}.Release|Any CPU.Build.0 = Release|Any CPU
		{91FD3474-89F7-4D35-B885-B1CC71842D14}.Debug|Any CPU.ActiveCfg = Debug|Any CPU
		{91FD3474-89F7-4D35-B885-B1CC71842D14}.Debug|Any CPU.Build.0 = Debug|Any CPU
		{91FD3474-89F7-4D35-B885-B1CC71842D14}.Release|Any CPU.ActiveCfg = Release|Any CPU
		{91FD3474-89F7-4D35-B885-B1CC71842D14}.Release|Any CPU.Build.0 = Release|Any CPU
	EndGlobalSection
	GlobalSection(SolutionProperties) = preSolution
		HideSolutionNode = FALSE
	EndGlobalSection
	GlobalSection(NestedProjects) = preSolution
		{1494F261-2D75-46FE-A962-756C75C3E797} = {D2B760D1-29E2-4AF4-B735-BA194C2B2FE2}
		{FABB6F0D-4D53-462F-8C62-8EC7B0C2BC58} = {D2B760D1-29E2-4AF4-B735-BA194C2B2FE2}
		{26410D25-5911-4BFD-87C2-718D0204FD15} = {D2B760D1-29E2-4AF4-B735-BA194C2B2FE2}
		{100E78B6-4B63-4571-A5F7-048538315255} = {FABB6F0D-4D53-462F-8C62-8EC7B0C2BC58}
		{8D8735B7-3D93-4BE6-925F-D0B5C14A3C98} = {100E78B6-4B63-4571-A5F7-048538315255}
		{CDD0DB25-E41C-4C43-90F2-8DE2AB274657} = {26410D25-5911-4BFD-87C2-718D0204FD15}
		{F3BEF97F-2FE8-40FF-8938-84B3658C7D53} = {CDD0DB25-E41C-4C43-90F2-8DE2AB274657}
		{1838E0BA-3418-449C-96BE-316856F0C1B4} = {1494F261-2D75-46FE-A962-756C75C3E797}
		{0230BD64-30E5-4B6C-A63C-9ED4F1AEE29B} = {1838E0BA-3418-449C-96BE-316856F0C1B4}
		{97459E29-8707-4314-9DA9-A4EE20656EC8} = {FABB6F0D-4D53-462F-8C62-8EC7B0C2BC58}
		{0A8AC29F-3496-43C1-9AE7-1D24EA8D1CE7} = {97459E29-8707-4314-9DA9-A4EE20656EC8}
		{004B158B-8C4D-4D83-8F50-C2B6CDD9E1E6} = {FABB6F0D-4D53-462F-8C62-8EC7B0C2BC58}
		{199606B6-1023-4310-A484-F6DBF3A944F3} = {004B158B-8C4D-4D83-8F50-C2B6CDD9E1E6}
		{D18A5B1B-7EDF-45D7-BC81-670B3730B853} = {FABB6F0D-4D53-462F-8C62-8EC7B0C2BC58}
		{3F86F4BC-52C3-48A4-98A9-6AD7C05BDE71} = {D18A5B1B-7EDF-45D7-BC81-670B3730B853}
		{BBAFE143-5743-4B79-82BC-84748D9B0E92} = {FABB6F0D-4D53-462F-8C62-8EC7B0C2BC58}
		{A90844F6-98A8-4554-AEEF-852F664D6FDE} = {BBAFE143-5743-4B79-82BC-84748D9B0E92}
		{8C44015F-80DB-4534-A13F-A79AE747D7A5} = {FABB6F0D-4D53-462F-8C62-8EC7B0C2BC58}
		{D91CDAB1-054C-429C-B2AE-5AA4CF9950DA} = {8C44015F-80DB-4534-A13F-A79AE747D7A5}
		{92FA5860-7C43-4B45-955C-376052CF190C} = {1494F261-2D75-46FE-A962-756C75C3E797}
		{91FD3474-89F7-4D35-B885-B1CC71842D14} = {92FA5860-7C43-4B45-955C-376052CF190C}
	EndGlobalSection
	GlobalSection(ExtensibilityGlobals) = postSolution
		SolutionGuid = {D082CF41-1CD7-498B-A43A-A5CB64A1DB6A}
	EndGlobalSection
EndGlobal
